// !$*UTF8*$!
{
	archiveVersion = 1;
	classes = {
	};
	objectVersion = 46;
	objects = {

/* Begin PBXBuildFile section */
		9629FF651C2AE21500DDD618 /* main.m in Sources */ = {isa = PBXBuildFile; fileRef = 9629FF641C2AE21500DDD618 /* main.m */; };
		9629FF6D1C2AE23F00DDD618 /* RationalNumbers.m in Sources */ = {isa = PBXBuildFile; fileRef = 9629FF6C1C2AE23F00DDD618 /* RationalNumbers.m */; };
/* End PBXBuildFile section */

/* Begin PBXCopyFilesBuildPhase section */
		9629FF5F1C2AE21500DDD618 /* CopyFiles */ = {
			isa = PBXCopyFilesBuildPhase;
			buildActionMask = 2147483647;
			dstPath = /usr/share/man/man1/;
			dstSubfolderSpec = 0;
			files = (
			);
			runOnlyForDeploymentPostprocessing = 1;
		};
/* End PBXCopyFilesBuildPhase section */

/* Begin PBXFileReference section */
		9629FF611C2AE21500DDD618 /* RationalNumbers */ = {isa = PBXFileReference; explicitFileType = "compiled.mach-o.executable"; includeInIndex = 0; path = RationalNumbers; sourceTree = BUILT_PRODUCTS_DIR; };
		9629FF641C2AE21500DDD618 /* main.m */ = {isa = PBXFileReference; lastKnownFileType = sourcecode.c.objc; path = main.m; sourceTree = "<group>"; };
		9629FF6B1C2AE23F00DDD618 /* RationalNumbers.h */ = {isa = PBXFileReference; fileEncoding = 4; lastKnownFileType = sourcecode.c.h; path = RationalNumbers.h; sourceTree = "<group>"; };
		9629FF6C1C2AE23F00DDD618 /* RationalNumbers.m */ = {isa = PBXFileReference; fileEncoding = 4; lastKnownFileType = sourcecode.c.objc; path = RationalNumbers.m; sourceTree = "<group>"; };
/* End PBXFileReference section */

/* Begin PBXFrameworksBuildPhase section */
		9629FF5E1C2AE21500DDD618 /* Frameworks */ = {
			isa = PBXFrameworksBuildPhase;
			buildActionMask = 2147483647;
			files = (
			);
			runOnlyForDeploymentPostprocessing = 0;
		};
/* End PBXFrameworksBuildPhase section */

/* Begin PBXGroup section */
		9629FF581C2AE21500DDD618 = {
			isa = PBXGroup;
			children = (
				9629FF631C2AE21500DDD618 /* RationalNumbers */,
				9629FF621C2AE21500DDD618 /* Products */,
			);
			sourceTree = "<group>";
		};
		9629FF621C2AE21500DDD618 /* Products */ = {
			isa = PBXGroup;
			children = (
				9629FF611C2AE21500DDD618 /* RationalNumbers */,
			);
			name = Products;
			sourceTree = "<group>";
		};
		9629FF631C2AE21500DDD618 /* RationalNumbers */ = {
			isa = PBXGroup;
			children = (
				9629FF641C2AE21500DDD618 /* main.m */,
				9629FF6B1C2AE23F00DDD618 /* RationalNumbers.h */,
				9629FF6C1C2AE23F00DDD618 /* RationalNumbers.m */,
			);
			path = RationalNumbers;
			sourceTree = "<group>";
		};
/* End PBXGroup section */

/* Begin PBXNativeTarget section */
		9629FF601C2AE21500DDD618 /* RationalNumbers */ = {
			isa = PBXNativeTarget;
			buildConfigurationList = 9629FF681C2AE21500DDD618 /* Build configuration list for PBXNativeTarget "RationalNumbers" */;
			buildPhases = (
				9629FF5D1C2AE21500DDD618 /* Sources */,
				9629FF5E1C2AE21500DDD618 /* Frameworks */,
				9629FF5F1C2AE21500DDD618 /* CopyFiles */,
			);
			buildRules = (
			);
			dependencies = (
			);
			name = RationalNumbers;
			productName = RationalNumbers;
			productReference = 9629FF611C2AE21500DDD618 /* RationalNumbers */;
			productType = "com.apple.product-type.tool";
		};
/* End PBXNativeTarget section */

/* Begin PBXProject section */
		9629FF591C2AE21500DDD618 /* Project object */ = {
			isa = PBXProject;
			attributes = {
				LastUpgradeCheck = 0720;
				ORGANIZATIONNAME = greeniam;
				TargetAttributes = {
					9629FF601C2AE21500DDD618 = {
						CreatedOnToolsVersion = 7.2;
					};
				};
			};
			buildConfigurationList = 9629FF5C1C2AE21500DDD618 /* Build configuration list for PBXProject "RationalNumbers" */;
			compatibilityVersion = "Xcode 3.2";
			developmentRegion = English;
			hasScannedForEncodings = 0;
			knownRegions = (
				en,
			);
			mainGroup = 9629FF581C2AE21500DDD618;
			productRefGroup = 9629FF621C2AE21500DDD618 /* Products */;
			projectDirPath = "";
			projectRoot = "";
			targets = (
				9629FF601C2AE21500DDD618 /* RationalNumbers */,
			);
		};
/* End PBXProject section */

/* Begin PBXSourcesBuildPhase section */
		9629FF5D1C2AE21500DDD618 /* Sources */ = {
			isa = PBXSourcesBuildPhase;
			buildActionMask = 2147483647;
			files = (
				9629FF6D1C2AE23F00DDD618 /* RationalNumbers.m in Sources */,
				9629FF651C2AE21500DDD618 /* main.m in Sources */,
			);
			runOnlyForDeploymentPostprocessing = 0;
		};
/* End PBXSourcesBuildPhase section */

/* Begin XCBuildConfiguration section */
		9629FF661C2AE21500DDD618 /* Debug */ = {
			isa = XCBuildConfiguration;
			buildSettings = {
				ALWAYS_SEARCH_USER_PATHS = NO;
				CLANG_CXX_LANGUAGE_STANDARD = "gnu++0x";
				CLANG_CXX_LIBRARY = "libc++";
				CLANG_ENABLE_MODULES = YES;
				CLANG_ENABLE_OBJC_ARC = YES;
				CLANG_WARN_BOOL_CONVERSION = YES;
				CLANG_WARN_CONSTANT_CONVERSION = YES;
				CLANG_WARN_DIRECT_OBJC_ISA_USAGE = YES_ERROR;
				CLANG_WARN_EMPTY_BODY = YES;
				CLANG_WARN_ENUM_CONVERSION = YES;
				CLANG_WARN_INT_CONVERSION = YES;
				CLANG_WARN_OBJC_ROOT_CLASS = YES_ERROR;
				CLANG_WARN_UNREACHABLE_CODE = YES;
				CLANG_WARN__DUPLICATE_METHOD_MATCH = YES;
				CODE_SIGN_IDENTITY = "-";
				COPY_PHASE_STRIP = NO;
				DEBUG_INFORMATION_FORMAT = dwarf;
				ENABLE_STRICT_OBJC_MSGSEND = YES;
				ENABLE_TESTABILITY = YES;
				GCC_C_LANGUAGE_STANDARD = gnu99;
				GCC_DYNAMIC_NO_PIC = NO;
				GCC_NO_COMMON_BLOCKS = YES;
				GCC_OPTIMIZATION_LEVEL = 0;
				GCC_PREPROCESSOR_DEFINITIONS = (
					"DEBUG=1",
					"$(inherited)",
				);
				GCC_WARN_64_TO_32_BIT_CONVERSION = YES;
				GCC_WARN_ABOUT_RETURN_TYPE = YES_ERROR;
				GCC_WARN_UNDECLARED_SELECTOR = YES;
				GCC_WARN_UNINITIALIZED_AUTOS = YES_AGGRESSIVE;
				GCC_WARN_UNUSED_FUNCTION = YES;
				GCC_WARN_UNUSED_VARIABLE = YES;
				MACOSX_DEPLOYMENT_TARGET = 10.11;
				MTL_ENABLE_DEBUG_INFO = YES;
				ONLY_ACTIVE_ARCH = YES;
				SDKROOT = macosx;
			};
			name = Debug;
		};
		9629FF671C2AE21500DDD618 /* Release */ = {
			isa = XCBuildConfiguration;
			buildSettings = {
				ALWAYS_SEARCH_USER_PATHS = NO;
				CLANG_CXX_LANGUAGE_STANDARD = "gnu++0x";
				CLANG_CXX_LIBRARY = "libc++";
				CLANG_ENABLE_MODULES = YES;
				CLANG_ENABLE_OBJC_ARC = YES;
				CLANG_WARN_BOOL_CONVERSION = YES;
				CLANG_WARN_CONSTANT_CONVERSION = YES;
				CLANG_WARN_DIRECT_OBJC_ISA_USAGE = YES_ERROR;
				CLANG_WARN_EMPTY_BODY = YES;
				CLANG_WARN_ENUM_CONVERSION = YES;
				CLANG_WARN_INT_CONVERSION = YES;
				CLANG_WARN_OBJC_ROOT_CLASS = YES_ERROR;
				CLANG_WARN_UNREACHABLE_CODE = YES;
				CLANG_WARN__DUPLICATE_METHOD_MATCH = YES;
				CODE_SIGN_IDENTITY = "-";
				COPY_PHASE_STRIP = NO;
				DEBUG_INFORMATION_FORMAT = "dwarf-with-dsym";
				ENABLE_NS_ASSERTIONS = NO;
				ENABLE_STRICT_OBJC_MSGSEND = YES;
				GCC_C_LANGUAGE_STANDARD = gnu99;
				GCC_NO_COMMON_BLOCKS = YES;
				GCC_WARN_64_TO_32_BIT_CONVERSION = YES;
				GCC_WARN_ABOUT_RETURN_TYPE = YES_ERROR;
				GCC_WARN_UNDECLARED_SELECTOR = YES;
				GCC_WARN_UNINITIALIZED_AUTOS = YES_AGGRESSIVE;
				GCC_WARN_UNUSED_FUNCTION = YES;
				GCC_WARN_UNUSED_VARIABLE = YES;
				MACOSX_DEPLOYMENT_TARGET = 10.11;
				MTL_ENABLE_DEBUG_INFO = NO;
				SDKROOT = macosx;
			};
			name = Release;
		};
		9629FF691C2AE21500DDD618 /* Debug */ = {
			isa = XCBuildConfiguration;
			buildSettings = {
				PRODUCT_NAME = "$(TARGET_NAME)";
			};
			name = Debug;
		};
		9629FF6A1C2AE21500DDD618 /* Release */ = {
			isa = XCBuildConfiguration;
			buildSettings = {
				PRODUCT_NAME = "$(TARGET_NAME)";
			};
			name = Release;
		};
/* End XCBuildConfiguration section */

/* Begin XCConfigurationList section */
		9629FF5C1C2AE21500DDD618 /* Build configuration list for PBXProject "RationalNumbers" */ = {
			isa = XCConfigurationList;
			buildConfigurations = (
				9629FF661C2AE21500DDD618 /* Debug */,
				9629FF671C2AE21500DDD618 /* Release */,
			);
			defaultConfigurationIsVisible = 0;
			defaultConfigurationName = Release;
		};
		9629FF681C2AE21500DDD618 /* Build configuration list for PBXNativeTarget "RationalNumbers" */ = {
			isa = XCConfigurationList;
			buildConfigurations = (
				9629FF691C2AE21500DDD618 /* Debug */,
				9629FF6A1C2AE21500DDD618 /* Release */,
			);
			defaultConfigurationIsVisible = 0;
		};
/* End XCConfigurationList section */
	};
	rootObject = 9629FF591C2AE21500DDD618 /* Project object */;
}
